
Microsoft Visual Studio Solution File, Format Version 12.00
# Visual Studio Version 16
VisualStudioVersion = 16.0.30611.23
MinimumVisualStudioVersion = 10.0.40219.1
Project("{FAE04EC0-301F-11D3-BF4B-00C04F79EFBC}") = "SpecFlowProject3", "SpecFlowProject3\SpecFlowProject3.csproj", "{DD96FE40-17DF-43F0-A252-3E761F1B54BB}"
EndProject
Global
	GlobalSection(SolutionConfigurationPlatforms) = preSolution
		Debug|Any CPU = Debug|Any CPU
		Release|Any CPU = Release|Any CPU
	EndGlobalSection
	GlobalSection(ProjectConfigurationPlatforms) = postSolution
		{DD96FE40-17DF-43F0-A252-3E761F1B54BB}.Debug|Any CPU.ActiveCfg = Debug|Any CPU
		{DD96FE40-17DF-43F0-A252-3E761F1B54BB}.Debug|Any CPU.Build.0 = Debug|Any CPU
		{DD96FE40-17DF-43F0-A252-3E761F1B54BB}.Release|Any CPU.ActiveCfg = Release|Any CPU
		{DD96FE40-17DF-43F0-A252-3E761F1B54BB}.Release|Any CPU.Build.0 = Release|Any CPU
	EndGlobalSection
	GlobalSection(SolutionProperties) = preSolution
		HideSolutionNode = FALSE
	EndGlobalSection
	GlobalSection(ExtensibilityGlobals) = postSolution
		SolutionGuid = {63DF62E1-D014-42C0-A489-0EBFAD950FF7}
	EndGlobalSection
EndGlobal
